
Microsoft Visual Studio Solution File, Format Version 12.00
# Visual Studio Version 17
VisualStudioVersion = 17.13.35919.96 d17.13
MinimumVisualStudioVersion = 10.0.40219.1
Project("{FAE04EC0-301F-11D3-BF4B-00C04F79EFBC}") = "OnlineGymStore", "OnlineGymStore\OnlineGymStore.csproj", "{0D997092-82D7-4130-A11C-23B754478F39}"
EndProject
Global
	GlobalSection(SolutionConfigurationPlatforms) = preSolution
		Debug|Any CPU = Debug|Any CPU
		Release|Any CPU = Release|Any CPU
	EndGlobalSection
	GlobalSection(ProjectConfigurationPlatforms) = postSolution
		{0D997092-82D7-4130-A11C-23B754478F39}.Debug|Any CPU.ActiveCfg = Debug|Any CPU
		{0D997092-82D7-4130-A11C-23B754478F39}.Debug|Any CPU.Build.0 = Debug|Any CPU
		{0D997092-82D7-4130-A11C-23B754478F39}.Release|Any CPU.ActiveCfg = Release|Any CPU
		{0D997092-82D7-4130-A11C-23B754478F39}.Release|Any CPU.Build.0 = Release|Any CPU
	EndGlobalSection
	GlobalSection(SolutionProperties) = preSolution
		HideSolutionNode = FALSE
	EndGlobalSection
	GlobalSection(ExtensibilityGlobals) = postSolution
		SolutionGuid = {94FFECA6-ABC2-48F3-B6D7-FB8B597EC12E}
	EndGlobalSection
EndGlobal
